
Microsoft Visual Studio Solution File, Format Version 12.00
# Visual Studio Version 17
VisualStudioVersion = 17.7.34031.279
MinimumVisualStudioVersion = 10.0.40219.1
Project("{8BC9CEB8-8B4A-11D0-8D11-00A0C91BC942}") = "GyakLA08_07_2", "GyakLA08_07_2\GyakLA08_07_2.vcxproj", "{4E440797-4833-4ECD-B78C-08208A677261}"
EndProject
Global
	GlobalSection(SolutionConfigurationPlatforms) = preSolution
		Debug|x64 = Debug|x64
		Debug|x86 = Debug|x86
		Release|x64 = Release|x64
		Release|x86 = Release|x86
	EndGlobalSection
	GlobalSection(ProjectConfigurationPlatforms) = postSolution
		{4E440797-4833-4ECD-B78C-08208A677261}.Debug|x64.ActiveCfg = Debug|x64
		{4E440797-4833-4ECD-B78C-08208A677261}.Debug|x64.Build.0 = Debug|x64
		{4E440797-4833-4ECD-B78C-08208A677261}.Debug|x86.ActiveCfg = Debug|Win32
		{4E440797-4833-4ECD-B78C-08208A677261}.Debug|x86.Build.0 = Debug|Win32
		{4E440797-4833-4ECD-B78C-08208A677261}.Release|x64.ActiveCfg = Release|x64
		{4E440797-4833-4ECD-B78C-08208A677261}.Release|x64.Build.0 = Release|x64
		{4E440797-4833-4ECD-B78C-08208A677261}.Release|x86.ActiveCfg = Release|Win32
		{4E440797-4833-4ECD-B78C-08208A677261}.Release|x86.Build.0 = Release|Win32
	EndGlobalSection
	GlobalSection(SolutionProperties) = preSolution
		HideSolutionNode = FALSE
	EndGlobalSection
	GlobalSection(ExtensibilityGlobals) = postSolution
		SolutionGuid = {C105B93C-E42B-465F-A1D7-CCE764408D03}
	EndGlobalSection
EndGlobal
